
Microsoft Visual Studio Solution File, Format Version 12.00
# Visual Studio Version 16
VisualStudioVersion = 16.0.28917.182
MinimumVisualStudioVersion = 10.0.40219.1
Project("{9A19103F-16F7-4668-BE54-9A1E7A4F7556}") = "datamodel", "datamodel\datamodel.csproj", "{1592355D-A78E-476D-A871-0A29C73EA9FD}"
EndProject
Project("{2150E333-8FDC-42A3-9474-1A3956D46DE8}") = "Solution Items", "Solution Items", "{6D59D64B-E35E-4FF1-9858-24E8F707196B}"
	ProjectSection(SolutionItems) = preProject
		bartek_raw.txt = bartek_raw.txt
	EndProjectSection
EndProject
Project("{2150E333-8FDC-42A3-9474-1A3956D46DE8}") = "assets", "assets", "{AEAB1F2E-92E9-4BD5-B43C-14D452298BEA}"
EndProject
Project("{2150E333-8FDC-42A3-9474-1A3956D46DE8}") = "css", "css", "{80F41328-F949-46FC-9744-B062D602C765}"
	ProjectSection(SolutionItems) = preProject
		assets\css\datadict.css = assets\css\datadict.css
	EndProjectSection
EndProject
Project("{2150E333-8FDC-42A3-9474-1A3956D46DE8}") = "images", "images", "{3CA051B5-53A5-4AFC-86FC-84491BD44C2F}"
	ProjectSection(SolutionItems) = preProject
		assets\images\diagram-small.png = assets\images\diagram-small.png
		assets\images\diagram.png = assets\images\diagram.png
		assets\images\doc-small.png = assets\images\doc-small.png
		assets\images\doc.png = assets\images\doc.png
	EndProjectSection
EndProject
Project("{FAE04EC0-301F-11D3-BF4B-00C04F79EFBC}") = "datamodel_test2", "datamodel_test2\datamodel_test2.csproj", "{F7565D16-5CF7-4DAE-9A1C-F46B6D75A0BC}"
EndProject
Global
	GlobalSection(SolutionConfigurationPlatforms) = preSolution
		Debug|Any CPU = Debug|Any CPU
		Release|Any CPU = Release|Any CPU
	EndGlobalSection
	GlobalSection(ProjectConfigurationPlatforms) = postSolution
		{1592355D-A78E-476D-A871-0A29C73EA9FD}.Debug|Any CPU.ActiveCfg = Debug|Any CPU
		{1592355D-A78E-476D-A871-0A29C73EA9FD}.Debug|Any CPU.Build.0 = Debug|Any CPU
		{1592355D-A78E-476D-A871-0A29C73EA9FD}.Release|Any CPU.ActiveCfg = Release|Any CPU
		{1592355D-A78E-476D-A871-0A29C73EA9FD}.Release|Any CPU.Build.0 = Release|Any CPU
		{F7565D16-5CF7-4DAE-9A1C-F46B6D75A0BC}.Debug|Any CPU.ActiveCfg = Debug|Any CPU
		{F7565D16-5CF7-4DAE-9A1C-F46B6D75A0BC}.Debug|Any CPU.Build.0 = Debug|Any CPU
		{F7565D16-5CF7-4DAE-9A1C-F46B6D75A0BC}.Release|Any CPU.ActiveCfg = Release|Any CPU
		{F7565D16-5CF7-4DAE-9A1C-F46B6D75A0BC}.Release|Any CPU.Build.0 = Release|Any CPU
	EndGlobalSection
	GlobalSection(SolutionProperties) = preSolution
		HideSolutionNode = FALSE
	EndGlobalSection
	GlobalSection(NestedProjects) = preSolution
		{AEAB1F2E-92E9-4BD5-B43C-14D452298BEA} = {6D59D64B-E35E-4FF1-9858-24E8F707196B}
		{80F41328-F949-46FC-9744-B062D602C765} = {AEAB1F2E-92E9-4BD5-B43C-14D452298BEA}
		{3CA051B5-53A5-4AFC-86FC-84491BD44C2F} = {AEAB1F2E-92E9-4BD5-B43C-14D452298BEA}
	EndGlobalSection
	GlobalSection(ExtensibilityGlobals) = postSolution
		SolutionGuid = {01BA0B26-ED7D-48A6-87E3-C9501C5AB19F}
	EndGlobalSection
EndGlobal
