
Microsoft Visual Studio Solution File, Format Version 12.00
# Visual Studio 15
VisualStudioVersion = 15.0.28307.645
MinimumVisualStudioVersion = 10.0.40219.1
Project("{FAE04EC0-301F-11D3-BF4B-00C04F79EFBC}") = "datamodel", "datamodel\datamodel.csproj", "{1592355D-A78E-476D-A871-0A29C73EA9FD}"
EndProject
Global
	GlobalSection(SolutionConfigurationPlatforms) = preSolution
		Debug|Any CPU = Debug|Any CPU
		Release|Any CPU = Release|Any CPU
	EndGlobalSection
	GlobalSection(ProjectConfigurationPlatforms) = postSolution
		{1592355D-A78E-476D-A871-0A29C73EA9FD}.Debug|Any CPU.ActiveCfg = Debug|Any CPU
		{1592355D-A78E-476D-A871-0A29C73EA9FD}.Debug|Any CPU.Build.0 = Debug|Any CPU
		{1592355D-A78E-476D-A871-0A29C73EA9FD}.Release|Any CPU.ActiveCfg = Release|Any CPU
		{1592355D-A78E-476D-A871-0A29C73EA9FD}.Release|Any CPU.Build.0 = Release|Any CPU
	EndGlobalSection
	GlobalSection(SolutionProperties) = preSolution
		HideSolutionNode = FALSE
	EndGlobalSection
	GlobalSection(ExtensibilityGlobals) = postSolution
		SolutionGuid = {01BA0B26-ED7D-48A6-87E3-C9501C5AB19F}
	EndGlobalSection
EndGlobal
